{
  "name": "meanauthapp",
  "version": "1.0.0",
  "lockfileVersion": 1,
  "dependencies": {
    "accepts": {
      "version": "1.3.3",
      "resolved": "https://registry.npmjs.org/accepts/-/accepts-1.3.3.tgz",
      "integrity": "sha1-w8p0NJOGSMPg2cHjKN1otiLChMo="
    },
    "acorn": {
      "version": "1.2.2",
      "resolved": "https://registry.npmjs.org/acorn/-/acorn-1.2.2.tgz",
      "integrity": "sha1-yM4n3grMdtiW0rH6099YjZ6C8BQ="
    },
    "amdefine": {
      "version": "1.0.1",
      "resolved": "https://registry.npmjs.org/amdefine/-/amdefine-1.0.1.tgz",
      "integrity": "sha1-SlKCrBZHKek2Gbz9OtFR+BfOkfU=",
      "optional": true
    },
    "array-flatten": {
      "version": "1.1.1",
      "resolved": "https://registry.npmjs.org/array-flatten/-/array-flatten-1.1.1.tgz",
      "integrity": "sha1-ml9pkFGx5wczKPKgCJaLZOopVdI="
    },
    "ast-transform": {
      "version": "0.0.0",
      "resolved": "https://registry.npmjs.org/ast-transform/-/ast-transform-0.0.0.tgz",
      "integrity": "sha1-dJRAWIh9goPhidlUYAlHvJj+AGI=",
      "dependencies": {
        "escodegen": {
          "version": "1.2.0",
          "resolved": "https://registry.npmjs.org/escodegen/-/escodegen-1.2.0.tgz",
          "integrity": "sha1-Cd55Z3kcyVi3+Jot220jRRrzJ+E="
        },
        "esprima": {
          "version": "1.0.4",
          "resolved": "https://registry.npmjs.org/esprima/-/esprima-1.0.4.tgz",
          "integrity": "sha1-n1V+CPw7TSbs6d00+Pv0drYlha0="
        }
      }
    },
    "ast-types": {
      "version": "0.7.8",
      "resolved": "https://registry.npmjs.org/ast-types/-/ast-types-0.7.8.tgz",
      "integrity": "sha1-kC0uDWDQcb3NRtwRXhgJ7RHBOKk="
    },
    "async": {
      "version": "2.1.4",
      "resolved": "https://registry.npmjs.org/async/-/async-2.1.4.tgz",
      "integrity": "sha1-LSFgx3iAMuTdbL4lAvH5osj2zeQ="
    },
    "babel-runtime": {
      "version": "6.23.0",
      "resolved": "https://registry.npmjs.org/babel-runtime/-/babel-runtime-6.23.0.tgz",
      "integrity": "sha1-CpSJ8UTecO+zzkMArM2zKeL8VDs="
    },
    "base64-js": {
      "version": "1.2.1",
      "resolved": "https://registry.npmjs.org/base64-js/-/base64-js-1.2.1.tgz",
      "integrity": "sha512-dwVUVIXsBZXwTuwnXI9RK8sBmgq09NDHzyR9SAph9eqk76gKK2JSQmZARC2zRC81JC2QTtxD0ARU5qTS25gIGw=="
    },
    "base64url": {
      "version": "2.0.0",
      "resolved": "https://registry.npmjs.org/base64url/-/base64url-2.0.0.tgz",
      "integrity": "sha1-6sFuA+oUOO/5Qj1puqNiYu0fcLs="
    },
    "bcryptjs": {
      "version": "2.4.3",
      "resolved": "https://registry.npmjs.org/bcryptjs/-/bcryptjs-2.4.3.tgz",
      "integrity": "sha1-mrVie5PmBiH/fNrF2pczAn3x0Ms="
    },
    "bluebird": {
      "version": "2.10.2",
      "resolved": "https://registry.npmjs.org/bluebird/-/bluebird-2.10.2.tgz",
      "integrity": "sha1-AkpVFylTCIV/FPkfEQb8O1VfRGs="
    },
    "body-parser": {
      "version": "1.17.2",
      "resolved": "https://registry.npmjs.org/body-parser/-/body-parser-1.17.2.tgz",
      "integrity": "sha1-+IkqvI+eYn1Crtr7yma/WrmRBO4="
    },
    "bootstrap": {
      "version": "4.0.0-alpha.6",
      "resolved": "https://registry.npmjs.org/bootstrap/-/bootstrap-4.0.0-alpha.6.tgz",
      "integrity": "sha1-T1TdM6wN6sOyhAe8LffsYIhpycg="
    },
    "brfs": {
      "version": "1.4.3",
      "resolved": "https://registry.npmjs.org/brfs/-/brfs-1.4.3.tgz",
      "integrity": "sha1-22ddb16SPm3wh/ylhZyQkKrtMhY="
    },
    "brotli": {
      "version": "1.3.2",
      "resolved": "https://registry.npmjs.org/brotli/-/brotli-1.3.2.tgz",
      "integrity": "sha1-UlqcrU/LqWR119OI9q7LE+7VL0Y="
    },
    "browser-resolve": {
      "version": "1.11.2",
      "resolved": "https://registry.npmjs.org/browser-resolve/-/browser-resolve-1.11.2.tgz",
      "integrity": "sha1-j/CbCixCFxihBRwmCzLkj0QpOM4=",
      "dependencies": {
        "resolve": {
          "version": "1.1.7",
          "resolved": "https://registry.npmjs.org/resolve/-/resolve-1.1.7.tgz",
          "integrity": "sha1-IDEU2CrSxe2ejgQRs5ModeiJ6Xs="
        }
      }
    },
    "browserify-optional": {
      "version": "1.0.0",
      "resolved": "https://registry.npmjs.org/browserify-optional/-/browserify-optional-1.0.0.tgz",
      "integrity": "sha1-IM96see/AUy/Y3gtNddbYtq0tvE="
    },
    "bson": {
      "version": "1.0.4",
      "resolved": "https://registry.npmjs.org/bson/-/bson-1.0.4.tgz",
      "integrity": "sha1-k8ENOeqltYQVy8QFLz5T5WKwtyw="
    },
    "buffer-equal": {
      "version": "0.0.1",
      "resolved": "https://registry.npmjs.org/buffer-equal/-/buffer-equal-0.0.1.tgz",
      "integrity": "sha1-kbx0sR6kBbyRa8aqkI+q+ltKrEs="
    },
    "buffer-equal-constant-time": {
      "version": "1.0.1",
      "resolved": "https://registry.npmjs.org/buffer-equal-constant-time/-/buffer-equal-constant-time-1.0.1.tgz",
      "integrity": "sha1-+OcRMvf/5uAaXJaXpMbz5I1cyBk="
    },
    "buffer-shims": {
      "version": "1.0.0",
      "resolved": "https://registry.npmjs.org/buffer-shims/-/buffer-shims-1.0.0.tgz",
      "integrity": "sha1-mXjOMXOIxkmth5MCjDR37wRKi1E="
    },
    "bytes": {
      "version": "2.4.0",
      "resolved": "https://registry.npmjs.org/bytes/-/bytes-2.4.0.tgz",
      "integrity": "sha1-fZcZb51br39pNeJZhVSe3SpsIzk="
    },
    "clone": {
      "version": "1.0.2",
      "resolved": "https://registry.npmjs.org/clone/-/clone-1.0.2.tgz",
      "integrity": "sha1-Jgt6meux7f4kdTgXX3gyQ8sZ0Uk="
    },
    "concat-stream": {
      "version": "1.6.0",
      "resolved": "https://registry.npmjs.org/concat-stream/-/concat-stream-1.6.0.tgz",
      "integrity": "sha1-CqxmL9Ur54lk1VMvaUeE5wEQrPc="
    },
    "content-disposition": {
      "version": "0.5.2",
      "resolved": "https://registry.npmjs.org/content-disposition/-/content-disposition-0.5.2.tgz",
      "integrity": "sha1-DPaLud318r55YcOoUXjLhdunjLQ="
    },
    "content-type": {
      "version": "1.0.2",
      "resolved": "https://registry.npmjs.org/content-type/-/content-type-1.0.2.tgz",
      "integrity": "sha1-t9ETrueo3Se9IRM8TcJSnfFyHu0="
    },
    "cookie": {
      "version": "0.3.1",
      "resolved": "https://registry.npmjs.org/cookie/-/cookie-0.3.1.tgz",
      "integrity": "sha1-5+Ch+e9DtMi6klxcWpboBtFoc7s="
    },
    "cookie-signature": {
      "version": "1.0.6",
      "resolved": "https://registry.npmjs.org/cookie-signature/-/cookie-signature-1.0.6.tgz",
      "integrity": "sha1-4wOogrNCzD7oylE6eZmXNNqzriw="
    },
    "core-js": {
      "version": "2.4.1",
      "resolved": "https://registry.npmjs.org/core-js/-/core-js-2.4.1.tgz",
      "integrity": "sha1-TekR5mew6ukSTjQlS1OupvxhjT4="
    },
    "core-util-is": {
      "version": "1.0.2",
      "resolved": "https://registry.npmjs.org/core-util-is/-/core-util-is-1.0.2.tgz",
      "integrity": "sha1-tf1UIgqivFq1eqtxQMlAdUUDwac="
    },
    "cors": {
      "version": "2.8.3",
      "resolved": "https://registry.npmjs.org/cors/-/cors-2.8.3.tgz",
      "integrity": "sha1-TPeOHSMymnSWsvwiJbd8pbteuAI="
    },
    "debug": {
      "version": "2.6.7",
      "resolved": "https://registry.npmjs.org/debug/-/debug-2.6.7.tgz",
      "integrity": "sha1-krrR9tBbu2u6Isyoi80OyJTChh4="
    },
    "deep-equal": {
      "version": "1.0.1",
      "resolved": "https://registry.npmjs.org/deep-equal/-/deep-equal-1.0.1.tgz",
      "integrity": "sha1-9dJgKStmDghO/0zbyfCK0yR0SLU="
    },
    "depd": {
      "version": "1.1.0",
      "resolved": "https://registry.npmjs.org/depd/-/depd-1.1.0.tgz",
      "integrity": "sha1-4b2Cxqq2ztlluXuIsX7T5SjKGMM="
    },
    "destroy": {
      "version": "1.0.4",
      "resolved": "https://registry.npmjs.org/destroy/-/destroy-1.0.4.tgz",
      "integrity": "sha1-l4hXRCxEdJ5CBmE+N5RiBYJqvYA="
    },
    "dfa": {
      "version": "1.1.0",
      "resolved": "https://registry.npmjs.org/dfa/-/dfa-1.1.0.tgz",
      "integrity": "sha1-0wIYvRDQMPpCHfPrvIIoVGOjF4E="
    },
    "duplexer2": {
      "version": "0.0.2",
      "resolved": "https://registry.npmjs.org/duplexer2/-/duplexer2-0.0.2.tgz",
      "integrity": "sha1-xhTc9n4vsUmVqRcR5aYX6KYKMds=",
      "dependencies": {
        "isarray": {
          "version": "0.0.1",
          "resolved": "https://registry.npmjs.org/isarray/-/isarray-0.0.1.tgz",
          "integrity": "sha1-ihis/Kmo9Bd+Cav8YDiTmwXR7t8="
        },
        "readable-stream": {
          "version": "1.1.14",
          "resolved": "https://registry.npmjs.org/readable-stream/-/readable-stream-1.1.14.tgz",
          "integrity": "sha1-fPTFTvZI44EwhMY23SB54WbAgdk="
        },
        "string_decoder": {
          "version": "0.10.31",
          "resolved": "https://registry.npmjs.org/string_decoder/-/string_decoder-0.10.31.tgz",
          "integrity": "sha1-YuIDvEF2bGwoyfyEMB2rHFMQ+pQ="
        }
      }
    },
    "ecdsa-sig-formatter": {
      "version": "1.0.9",
      "resolved": "https://registry.npmjs.org/ecdsa-sig-formatter/-/ecdsa-sig-formatter-1.0.9.tgz",
      "integrity": "sha1-S8kmJ07Dtau1AW5+HWCSGsJisqE="
    },
    "ee-first": {
      "version": "1.1.1",
      "resolved": "https://registry.npmjs.org/ee-first/-/ee-first-1.1.1.tgz",
      "integrity": "sha1-WQxhFWsK4vTwJVcyoViyZrxWsh0="
    },
    "encodeurl": {
      "version": "1.0.1",
      "resolved": "https://registry.npmjs.org/encodeurl/-/encodeurl-1.0.1.tgz",
      "integrity": "sha1-eePVhlU0aQn+bw9Fpd5oEDspTSA="
    },
    "es6-promise": {
      "version": "3.2.1",
      "resolved": "https://registry.npmjs.org/es6-promise/-/es6-promise-3.2.1.tgz",
      "integrity": "sha1-7FYjOGgDKQkgcXDDlEjiREndH8Q="
    },
    "escape-html": {
      "version": "1.0.3",
      "resolved": "https://registry.npmjs.org/escape-html/-/escape-html-1.0.3.tgz",
      "integrity": "sha1-Aljq5NPQwJdN4cFpGI7wBR0dGYg="
    },
    "escodegen": {
      "version": "1.3.3",
      "resolved": "https://registry.npmjs.org/escodegen/-/escodegen-1.3.3.tgz",
      "integrity": "sha1-8CQBb1qI4Eb9EgBQVek5gC5sXyM="
    },
    "esprima": {
      "version": "1.1.1",
      "resolved": "https://registry.npmjs.org/esprima/-/esprima-1.1.1.tgz",
      "integrity": "sha1-W28VR/TRAuZw4UDFCb5ncdautUk="
    },
    "estraverse": {
      "version": "1.5.1",
      "resolved": "https://registry.npmjs.org/estraverse/-/estraverse-1.5.1.tgz",
      "integrity": "sha1-hno+jlip+EYYr7bC3bzZFrfLr3E="
    },
    "esutils": {
      "version": "1.0.0",
      "resolved": "https://registry.npmjs.org/esutils/-/esutils-1.0.0.tgz",
      "integrity": "sha1-gVHTWOIMisx/t0XnRywAJf5JZXA="
    },
    "etag": {
      "version": "1.8.0",
      "resolved": "https://registry.npmjs.org/etag/-/etag-1.8.0.tgz",
      "integrity": "sha1-b2Ma7zNtbEY2K1F2QETOIWvjwFE="
    },
    "express": {
      "version": "4.15.3",
      "resolved": "https://registry.npmjs.org/express/-/express-4.15.3.tgz",
      "integrity": "sha1-urZdDwOqgMNYQIly/HAPkWlEtmI="
    },
    "falafel": {
      "version": "1.2.0",
      "resolved": "https://registry.npmjs.org/falafel/-/falafel-1.2.0.tgz",
      "integrity": "sha1-wY0k71CRF0pJfzGM0ksCaiXN2rQ=",
      "dependencies": {
        "isarray": {
          "version": "0.0.1",
          "resolved": "https://registry.npmjs.org/isarray/-/isarray-0.0.1.tgz",
          "integrity": "sha1-ihis/Kmo9Bd+Cav8YDiTmwXR7t8="
        }
      }
    },
    "finalhandler": {
      "version": "1.0.3",
      "resolved": "https://registry.npmjs.org/finalhandler/-/finalhandler-1.0.3.tgz",
      "integrity": "sha1-70fneVDpmXgOhgIqVg4yF+DQzIk="
    },
    "fontkit": {
      "version": "1.7.6",
      "resolved": "https://registry.npmjs.org/fontkit/-/fontkit-1.7.6.tgz",
      "integrity": "sha1-uvMGWiTslsO5OxNz6kRbIer/Q1M="
    },
    "foreach": {
      "version": "2.0.5",
      "resolved": "https://registry.npmjs.org/foreach/-/foreach-2.0.5.tgz",
      "integrity": "sha1-C+4AUBiusmDQo6865ljdATbsG5k="
    },
    "forwarded": {
      "version": "0.1.0",
      "resolved": "https://registry.npmjs.org/forwarded/-/forwarded-0.1.0.tgz",
      "integrity": "sha1-Ge+YdMSuHCl7zweP3mOgm2aoQ2M="
    },
    "fresh": {
      "version": "0.5.0",
      "resolved": "https://registry.npmjs.org/fresh/-/fresh-0.5.0.tgz",
      "integrity": "sha1-9HTKXmqSRtb9jglTz6m5yAWvp44="
    },
    "function-bind": {
      "version": "1.1.0",
      "resolved": "https://registry.npmjs.org/function-bind/-/function-bind-1.1.0.tgz",
      "integrity": "sha1-FhdnFMgBeY5Ojyz391KUZ7tKV3E="
    },
    "has": {
      "version": "1.0.1",
      "resolved": "https://registry.npmjs.org/has/-/has-1.0.1.tgz",
      "integrity": "sha1-hGFzP1OLCDfJNh45qauelwTcLyg="
    },
    "hoek": {
      "version": "2.16.3",
      "resolved": "https://registry.npmjs.org/hoek/-/hoek-2.16.3.tgz",
      "integrity": "sha1-ILt0A9POo5jpHcRxCo/xuCdKJe0="
    },
    "hooks-fixed": {
      "version": "2.0.0",
      "resolved": "https://registry.npmjs.org/hooks-fixed/-/hooks-fixed-2.0.0.tgz",
      "integrity": "sha1-oB2JTVKsf2WZu7H2PfycQR33DLo="
    },
    "http-errors": {
      "version": "1.6.1",
      "resolved": "https://registry.npmjs.org/http-errors/-/http-errors-1.6.1.tgz",
      "integrity": "sha1-X4uO2YrKVFZWv1cplzh/kEpyIlc="
    },
    "iconv-lite": {
      "version": "0.4.15",
      "resolved": "https://registry.npmjs.org/iconv-lite/-/iconv-lite-0.4.15.tgz",
      "integrity": "sha1-/iZaIYrGpXz+hUkn6dBMGYJe3es="
    },
    "inherits": {
      "version": "2.0.3",
      "resolved": "https://registry.npmjs.org/inherits/-/inherits-2.0.3.tgz",
      "integrity": "sha1-Yzwsg+PaQqUC9SRmAiSA9CCCYd4="
    },
    "ipaddr.js": {
      "version": "1.3.0",
      "resolved": "https://registry.npmjs.org/ipaddr.js/-/ipaddr.js-1.3.0.tgz",
      "integrity": "sha1-HgOlL9rYOou7KyXL9JmLTP/NPew="
    },
    "isarray": {
      "version": "1.0.0",
      "resolved": "https://registry.npmjs.org/isarray/-/isarray-1.0.0.tgz",
      "integrity": "sha1-u5NdSFgsuhaMBoNJV6VKPgcSTxE="
    },
    "isemail": {
      "version": "1.2.0",
      "resolved": "https://registry.npmjs.org/isemail/-/isemail-1.2.0.tgz",
      "integrity": "sha1-vgPfjMPineTSxd9lASY/H6RZXpo="
    },
    "joi": {
      "version": "6.10.1",
      "resolved": "https://registry.npmjs.org/joi/-/joi-6.10.1.tgz",
      "integrity": "sha1-TVDDGAeRIgAP5fFq8f+OGRe3fgY="
    },
    "jquery": {
      "version": "3.2.1",
      "resolved": "https://registry.npmjs.org/jquery/-/jquery-3.2.1.tgz",
      "integrity": "sha1-XE2d5lKvbNCncBVKYxu6ErAVx4c="
    },
    "jsonwebtoken": {
      "version": "7.4.1",
      "resolved": "https://registry.npmjs.org/jsonwebtoken/-/jsonwebtoken-7.4.1.tgz",
      "integrity": "sha1-fKMk9SFfi+A5zTWmxFu4y3SkSPs="
    },
    "jwa": {
      "version": "1.1.5",
      "resolved": "https://registry.npmjs.org/jwa/-/jwa-1.1.5.tgz",
      "integrity": "sha1-oFUs4CIHQs1S4VN3SjKQXDDnVuU="
    },
    "jws": {
      "version": "3.1.4",
      "resolved": "https://registry.npmjs.org/jws/-/jws-3.1.4.tgz",
      "integrity": "sha1-+ei5M46KhHJ31kRLFGT2GIDgUKI="
    },
    "kareem": {
      "version": "1.4.1",
      "resolved": "https://registry.npmjs.org/kareem/-/kareem-1.4.1.tgz",
      "integrity": "sha1-7XYgAET6BB7zK02oJh4lU/EXNTE="
    },
    "linebreak": {
      "version": "0.3.0",
      "resolved": "https://registry.npmjs.org/linebreak/-/linebreak-0.3.0.tgz",
      "integrity": "sha1-BSZICmLAW9Z58+nZmDDgnGp9DtY=",
      "dependencies": {
        "base64-js": {
          "version": "0.0.8",
          "resolved": "https://registry.npmjs.org/base64-js/-/base64-js-0.0.8.tgz",
          "integrity": "sha1-EQHpVE9KdrG8OybUUsqW16NeeXg="
        }
      }
    },
    "lodash": {
      "version": "4.17.4",
      "resolved": "https://registry.npmjs.org/lodash/-/lodash-4.17.4.tgz",
      "integrity": "sha1-eCA6TRwyiuHYbcpkYONptX9AVa4="
    },
    "lodash.once": {
      "version": "4.1.1",
      "resolved": "https://registry.npmjs.org/lodash.once/-/lodash.once-4.1.1.tgz",
      "integrity": "sha1-DdOXEhPHxW34gJd9UEyI+0cal6w="
    },
    "media-typer": {
      "version": "0.3.0",
      "resolved": "https://registry.npmjs.org/media-typer/-/media-typer-0.3.0.tgz",
      "integrity": "sha1-hxDXrwqmJvj/+hzgAWhUUmMlV0g="
    },
    "merge-descriptors": {
      "version": "1.0.1",
      "resolved": "https://registry.npmjs.org/merge-descriptors/-/merge-descriptors-1.0.1.tgz",
      "integrity": "sha1-sAqqVW3YtEVoFQ7J0blT8/kMu2E="
    },
    "methods": {
      "version": "1.1.2",
      "resolved": "https://registry.npmjs.org/methods/-/methods-1.1.2.tgz",
      "integrity": "sha1-VSmk1nZUE07cxSZmVoNbD4Ua/O4="
    },
    "mime": {
      "version": "1.3.4",
      "resolved": "https://registry.npmjs.org/mime/-/mime-1.3.4.tgz",
      "integrity": "sha1-EV+eO2s9rylZmDyzjxSaLUDrXVM="
    },
    "mime-db": {
      "version": "1.27.0",
      "resolved": "https://registry.npmjs.org/mime-db/-/mime-db-1.27.0.tgz",
      "integrity": "sha1-gg9XIpa70g7CXtVeW13oaeVDbrE="
    },
    "mime-types": {
      "version": "2.1.15",
      "resolved": "https://registry.npmjs.org/mime-types/-/mime-types-2.1.15.tgz",
      "integrity": "sha1-pOv1BkCUVpI3uM9wBGd20J/JKu0="
    },
    "minimist": {
      "version": "1.2.0",
      "resolved": "https://registry.npmjs.org/minimist/-/minimist-1.2.0.tgz",
      "integrity": "sha1-o1AIsg9BOD7sH7kU9M1d95omQoQ="
    },
    "moment": {
      "version": "2.18.1",
      "resolved": "https://registry.npmjs.org/moment/-/moment-2.18.1.tgz",
      "integrity": "sha1-w2GT3Tzhwu7SrbfIAtu8d6gbHA8="
    },
    "mongodb": {
      "version": "2.2.27",
      "resolved": "https://registry.npmjs.org/mongodb/-/mongodb-2.2.27.tgz",
      "integrity": "sha1-NBIgNNtm2YO89qta2yaiSnD+9uY="
    },
    "mongodb-core": {
      "version": "2.1.11",
      "resolved": "https://registry.npmjs.org/mongodb-core/-/mongodb-core-2.1.11.tgz",
      "integrity": "sha1-HDh3bOsXSZepnCiGDu2QKNqbPho="
    },
    "mongoose": {
      "version": "4.10.7",
      "resolved": "https://registry.npmjs.org/mongoose/-/mongoose-4.10.7.tgz",
      "integrity": "sha1-cZaBuY2sf8uww5w6LodJPY3fBbo="
    },
    "mpath": {
      "version": "0.3.0",
      "resolved": "https://registry.npmjs.org/mpath/-/mpath-0.3.0.tgz",
      "integrity": "sha1-elj3iem1/TyUUgY0FXlg8mvV70Q="
    },
    "mpromise": {
      "version": "0.5.5",
      "resolved": "https://registry.npmjs.org/mpromise/-/mpromise-0.5.5.tgz",
      "integrity": "sha1-9bJCWddjrMIlewoMjG2Gb9UXMuY="
    },
    "mquery": {
      "version": "2.3.1",
      "resolved": "https://registry.npmjs.org/mquery/-/mquery-2.3.1.tgz",
      "integrity": "sha1-mrNnSXFIAP8LtTpoHOS8TV8HyHs=",
      "dependencies": {
        "debug": {
          "version": "2.6.8",
          "resolved": "https://registry.npmjs.org/debug/-/debug-2.6.8.tgz",
          "integrity": "sha1-5zFTHKLt4n0YgiJCfaF4IdaP9Pw="
        },
        "sliced": {
          "version": "0.0.5",
          "resolved": "https://registry.npmjs.org/sliced/-/sliced-0.0.5.tgz",
          "integrity": "sha1-XtwETKTrb3gW1Qui/GPiXY/kcH8="
        }
      }
    },
    "ms": {
      "version": "2.0.0",
      "resolved": "https://registry.npmjs.org/ms/-/ms-2.0.0.tgz",
      "integrity": "sha1-VgiurfwAvmwpAd9fmGF4jeDVl8g="
    },
    "muri": {
      "version": "1.2.1",
      "resolved": "https://registry.npmjs.org/muri/-/muri-1.2.1.tgz",
      "integrity": "sha1-7H6lzmympSPrGrNbrNpfqBbJqjw="
    },
    "negotiator": {
      "version": "0.6.1",
      "resolved": "https://registry.npmjs.org/negotiator/-/negotiator-0.6.1.tgz",
      "integrity": "sha1-KzJxhOiZIQEXeyhWP7XnECrNDKk="
    },
    "ngx-bootstrap": {
      "version": "1.7.1",
      "resolved": "https://registry.npmjs.org/ngx-bootstrap/-/ngx-bootstrap-1.7.1.tgz",
      "integrity": "sha512-d7Rquh+qg0/S3an1QHfWnYNIPeo5Ek+bXCAZHSNaKXjCl0w0ofEK/kGagoE8CdcJqssiwTuboKWoMx5mWGBkBQ=="
    },
    "object-assign": {
      "version": "4.1.1",
      "resolved": "https://registry.npmjs.org/object-assign/-/object-assign-4.1.1.tgz",
      "integrity": "sha1-IQmtx5ZYh8/AXLvUQsrIv7s2CGM="
    },
    "object-inspect": {
      "version": "0.4.0",
      "resolved": "https://registry.npmjs.org/object-inspect/-/object-inspect-0.4.0.tgz",
      "integrity": "sha1-9RV8EWwUVbJDsG7pdwM5LFrYn+w="
    },
    "object-keys": {
      "version": "1.0.11",
      "resolved": "https://registry.npmjs.org/object-keys/-/object-keys-1.0.11.tgz",
      "integrity": "sha1-xUYBd4rVYPEULODgG8yotW0TQm0="
    },
    "on-finished": {
      "version": "2.3.0",
      "resolved": "https://registry.npmjs.org/on-finished/-/on-finished-2.3.0.tgz",
      "integrity": "sha1-IPEzZIGwg811M3mSoWlxqi2QaUc="
    },
    "pako": {
      "version": "0.2.9",
      "resolved": "https://registry.npmjs.org/pako/-/pako-0.2.9.tgz",
      "integrity": "sha1-8/dSL073gjSNqBYbrZ7P1Rv4OnU="
    },
    "parseurl": {
      "version": "1.3.1",
      "resolved": "https://registry.npmjs.org/parseurl/-/parseurl-1.3.1.tgz",
      "integrity": "sha1-yKuMkiO6NIiKpkopeyiFO+wY2lY="
    },
    "passport": {
      "version": "0.3.2",
      "resolved": "https://registry.npmjs.org/passport/-/passport-0.3.2.tgz",
      "integrity": "sha1-ndAJ+RXo/glbASSgG4+C2gdRAQI="
    },
    "passport-jwt": {
      "version": "2.2.1",
      "resolved": "https://registry.npmjs.org/passport-jwt/-/passport-jwt-2.2.1.tgz",
      "integrity": "sha1-DgBMlAcTGdZz2dm8/RV0qGgBFSc="
    },
    "passport-strategy": {
      "version": "1.0.0",
      "resolved": "https://registry.npmjs.org/passport-strategy/-/passport-strategy-1.0.0.tgz",
      "integrity": "sha1-tVOaqPwiWj0a0XlHbd8ja0QPUuQ="
    },
    "path-parse": {
      "version": "1.0.5",
      "resolved": "https://registry.npmjs.org/path-parse/-/path-parse-1.0.5.tgz",
      "integrity": "sha1-PBrfhx6pzWyUMbbqK9dKD/BVxME="
    },
    "path-to-regexp": {
      "version": "0.1.7",
      "resolved": "https://registry.npmjs.org/path-to-regexp/-/path-to-regexp-0.1.7.tgz",
      "integrity": "sha1-32BBeABfUi8V60SQ5yR6G/qmf4w="
    },
    "pause": {
      "version": "0.0.1",
      "resolved": "https://registry.npmjs.org/pause/-/pause-0.0.1.tgz",
      "integrity": "sha1-HUCLP9t2kjuVQ9lvtMnf1TXZy10="
    },
    "pdfkit": {
      "version": "0.8.2",
      "resolved": "https://registry.npmjs.org/pdfkit/-/pdfkit-0.8.2.tgz",
      "integrity": "sha1-fHtWlwWO42dwUykttmC62UjQlyo="
    },
    "png-js": {
      "version": "0.1.1",
      "resolved": "https://registry.npmjs.org/png-js/-/png-js-0.1.1.tgz",
      "integrity": "sha1-HMfCEjA6yr50Jj7DrHgAlYAkLZM="
    },
    "process-nextick-args": {
      "version": "1.0.7",
      "resolved": "https://registry.npmjs.org/process-nextick-args/-/process-nextick-args-1.0.7.tgz",
      "integrity": "sha1-FQ4gt1ZZCtP5EJPyWk8q2L/zC6M="
    },
    "proxy-addr": {
      "version": "1.1.4",
      "resolved": "https://registry.npmjs.org/proxy-addr/-/proxy-addr-1.1.4.tgz",
      "integrity": "sha1-J+VF9pYKRKYn2bREZ+NcG2tM4vM="
    },
    "qs": {
      "version": "6.4.0",
      "resolved": "https://registry.npmjs.org/qs/-/qs-6.4.0.tgz",
      "integrity": "sha1-E+JtKK1rD/qpExLNO/cI7TUecjM="
    },
    "quote-stream": {
      "version": "1.0.2",
      "resolved": "https://registry.npmjs.org/quote-stream/-/quote-stream-1.0.2.tgz",
      "integrity": "sha1-hJY/jJwmuULhU/7rU6rnRlK34LI="
    },
    "range-parser": {
      "version": "1.2.0",
      "resolved": "https://registry.npmjs.org/range-parser/-/range-parser-1.2.0.tgz",
      "integrity": "sha1-9JvmtIeJTdxA3MlKMi9hEJLgDV4="
    },
    "raw-body": {
      "version": "2.2.0",
      "resolved": "https://registry.npmjs.org/raw-body/-/raw-body-2.2.0.tgz",
      "integrity": "sha1-mUl2z2pQlqQRYoQEkvC9xdbn+5Y="
    },
    "readable-stream": {
      "version": "2.2.7",
      "resolved": "https://registry.npmjs.org/readable-stream/-/readable-stream-2.2.7.tgz",
      "integrity": "sha1-BwV6y+JGeyIELTb5jFrVBwVOlbE="
    },
    "regenerator-runtime": {
      "version": "0.10.5",
      "resolved": "https://registry.npmjs.org/regenerator-runtime/-/regenerator-runtime-0.10.5.tgz",
      "integrity": "sha1-M2w+/BIgrc7dosn6tntaeVWjNlg="
    },
    "regexp-clone": {
      "version": "0.0.1",
      "resolved": "https://registry.npmjs.org/regexp-clone/-/regexp-clone-0.0.1.tgz",
      "integrity": "sha1-p8LgmJH9vzj7sQ03b7cwA+aKxYk="
    },
    "require_optional": {
      "version": "1.0.1",
      "resolved": "https://registry.npmjs.org/require_optional/-/require_optional-1.0.1.tgz",
      "integrity": "sha512-qhM/y57enGWHAe3v/NcwML6a3/vfESLe/sGM2dII+gEO0BpKRUkWZow/tyloNqJyN6kXSl3RyyM8Ll5D/sJP8g=="
    },
    "resolve": {
      "version": "1.3.3",
      "resolved": "https://registry.npmjs.org/resolve/-/resolve-1.3.3.tgz",
      "integrity": "sha1-ZVkHw0aahoDcLeOidaj91paR8OU="
    },
    "resolve-from": {
      "version": "2.0.0",
      "resolved": "https://registry.npmjs.org/resolve-from/-/resolve-from-2.0.0.tgz",
      "integrity": "sha1-lICrIOlP+h2egKgEx+oUdhGWa1c="
    },
    "restructure": {
      "version": "0.5.4",
      "resolved": "https://registry.npmjs.org/restructure/-/restructure-0.5.4.tgz",
      "integrity": "sha1-9U591WNZD7NP1r9Vh2EJrsyyjeg="
    },
    "safe-buffer": {
      "version": "5.1.0",
      "resolved": "https://registry.npmjs.org/safe-buffer/-/safe-buffer-5.1.0.tgz",
      "integrity": "sha512-aSLEDudu6OoRr/2rU609gRmnYboRLxgDG1z9o2Q0os7236FwvcqIOO8r8U5JUEwivZOhDaKlFO4SbPTJYyBEyQ=="
    },
    "semver": {
      "version": "5.3.0",
      "resolved": "https://registry.npmjs.org/semver/-/semver-5.3.0.tgz",
      "integrity": "sha1-myzl094C0XxgEq0yaqa00M9U+U8="
    },
    "send": {
      "version": "0.15.3",
      "resolved": "https://registry.npmjs.org/send/-/send-0.15.3.tgz",
      "integrity": "sha1-UBP5+ZAj31DRvZiSwZ4979HVMwk="
    },
    "serve-static": {
      "version": "1.12.3",
      "resolved": "https://registry.npmjs.org/serve-static/-/serve-static-1.12.3.tgz",
      "integrity": "sha1-n0uhni8wMMVH+K+ZEHg47DjVseI="
    },
    "setprototypeof": {
      "version": "1.0.3",
      "resolved": "https://registry.npmjs.org/setprototypeof/-/setprototypeof-1.0.3.tgz",
      "integrity": "sha1-ZlZ+NwQ+608E2RvWWMDL77VbjgQ="
    },
    "shallow-copy": {
      "version": "0.0.1",
      "resolved": "https://registry.npmjs.org/shallow-copy/-/shallow-copy-0.0.1.tgz",
      "integrity": "sha1-QV9CcC1z2BAzApLMXuhurhoRoXA="
    },
    "sliced": {
      "version": "1.0.1",
      "resolved": "https://registry.npmjs.org/sliced/-/sliced-1.0.1.tgz",
      "integrity": "sha1-CzpmK10Ewxd7GSa+qCsD+Dei70E="
    },
    "source-map": {
      "version": "0.1.43",
      "resolved": "https://registry.npmjs.org/source-map/-/source-map-0.1.43.tgz",
      "integrity": "sha1-wkvBRspRfBRx9drL4lcbK3+eM0Y=",
      "optional": true
    },
    "static-eval": {
      "version": "0.2.4",
      "resolved": "https://registry.npmjs.org/static-eval/-/static-eval-0.2.4.tgz",
      "integrity": "sha1-t9NNg4k3uWn5ZBygfUj47eJj6ns=",
      "dependencies": {
        "escodegen": {
          "version": "0.0.28",
          "resolved": "https://registry.npmjs.org/escodegen/-/escodegen-0.0.28.tgz",
          "integrity": "sha1-Dk/xcV8yh3XWyrUaxEpAbNer/9M="
        },
        "esprima": {
          "version": "1.0.4",
          "resolved": "https://registry.npmjs.org/esprima/-/esprima-1.0.4.tgz",
          "integrity": "sha1-n1V+CPw7TSbs6d00+Pv0drYlha0="
        },
        "estraverse": {
          "version": "1.3.2",
          "resolved": "https://registry.npmjs.org/estraverse/-/estraverse-1.3.2.tgz",
          "integrity": "sha1-N8K4k+8T1yPydth41g2FNRUqbEI="
        }
      }
    },
    "static-module": {
      "version": "1.3.2",
      "resolved": "https://registry.npmjs.org/static-module/-/static-module-1.3.2.tgz",
      "integrity": "sha1-Mp+58iOlZiZr2nGEO32TLHZxdPM=",
      "dependencies": {
        "isarray": {
          "version": "0.0.1",
          "resolved": "https://registry.npmjs.org/isarray/-/isarray-0.0.1.tgz",
          "integrity": "sha1-ihis/Kmo9Bd+Cav8YDiTmwXR7t8="
        },
        "minimist": {
          "version": "0.0.8",
          "resolved": "https://registry.npmjs.org/minimist/-/minimist-0.0.8.tgz",
          "integrity": "sha1-hX/Kv8M5fSYluCKCYuhqp6ARsF0="
        },
        "object-keys": {
          "version": "0.4.0",
          "resolved": "https://registry.npmjs.org/object-keys/-/object-keys-0.4.0.tgz",
          "integrity": "sha1-KKaq50KN0sOpLz2V8hM13SBOAzY="
        },
        "quote-stream": {
          "version": "0.0.0",
          "resolved": "https://registry.npmjs.org/quote-stream/-/quote-stream-0.0.0.tgz",
          "integrity": "sha1-zeKelMQJsW4Z3HCYuJtmWPlyHTs="
        },
        "readable-stream": {
          "version": "1.0.34",
          "resolved": "https://registry.npmjs.org/readable-stream/-/readable-stream-1.0.34.tgz",
          "integrity": "sha1-Elgg40vIQtLyqq+v5MKRbuMsFXw="
        },
        "string_decoder": {
          "version": "0.10.31",
          "resolved": "https://registry.npmjs.org/string_decoder/-/string_decoder-0.10.31.tgz",
          "integrity": "sha1-YuIDvEF2bGwoyfyEMB2rHFMQ+pQ="
        },
        "through2": {
          "version": "0.4.2",
          "resolved": "https://registry.npmjs.org/through2/-/through2-0.4.2.tgz",
          "integrity": "sha1-2/WGYDEVHsg1K7bE22SiKSqEC5s="
        },
        "xtend": {
          "version": "2.1.2",
          "resolved": "https://registry.npmjs.org/xtend/-/xtend-2.1.2.tgz",
          "integrity": "sha1-bv7MKk2tjmlixJAbM3znuoe10os="
        }
      }
    },
    "statuses": {
      "version": "1.3.1",
      "resolved": "https://registry.npmjs.org/statuses/-/statuses-1.3.1.tgz",
      "integrity": "sha1-+vUbnrdKrvOzrPStX2Gr8ky3uT4="
    },
    "string_decoder": {
      "version": "1.0.2",
      "resolved": "https://registry.npmjs.org/string_decoder/-/string_decoder-1.0.2.tgz",
      "integrity": "sha1-sp4fThEl+pehA4K4pTNze3SR4Xk=",
      "dependencies": {
        "safe-buffer": {
          "version": "5.0.1",
          "resolved": "https://registry.npmjs.org/safe-buffer/-/safe-buffer-5.0.1.tgz",
          "integrity": "sha1-0mPKVGls2KMGtcplUekt5XkY++c="
        }
      }
    },
    "tether": {
      "version": "1.4.0",
      "resolved": "https://registry.npmjs.org/tether/-/tether-1.4.0.tgz",
      "integrity": "sha1-D5+hcfdb9YSF2BSelHmdeudNHBo="
    },
    "through": {
      "version": "2.3.8",
      "resolved": "https://registry.npmjs.org/through/-/through-2.3.8.tgz",
      "integrity": "sha1-DdTJ/6q8NXlgsbckEV1+Doai4fU="
    },
    "through2": {
      "version": "2.0.3",
      "resolved": "https://registry.npmjs.org/through2/-/through2-2.0.3.tgz",
      "integrity": "sha1-AARWmzfHx0ujnEPzzteNGtlBQL4="
    },
    "tiny-inflate": {
      "version": "1.0.2",
      "resolved": "https://registry.npmjs.org/tiny-inflate/-/tiny-inflate-1.0.2.tgz",
      "integrity": "sha1-k9nez/yIBb1X6uQxDwt0Xptvs6c="
    },
    "topo": {
      "version": "1.1.0",
      "resolved": "https://registry.npmjs.org/topo/-/topo-1.1.0.tgz",
      "integrity": "sha1-6ddRYV0buH3IZdsYL6HKCl71NtU="
    },
    "type-is": {
      "version": "1.6.15",
      "resolved": "https://registry.npmjs.org/type-is/-/type-is-1.6.15.tgz",
      "integrity": "sha1-yrEPtJCeRByChC6v4a1kbIGARBA="
    },
    "typedarray": {
      "version": "0.0.6",
      "resolved": "https://registry.npmjs.org/typedarray/-/typedarray-0.0.6.tgz",
      "integrity": "sha1-hnrHTjhkGHsdPUfZlqeOxciDB3c="
    },
    "unicode-properties": {
      "version": "1.1.0",
      "resolved": "https://registry.npmjs.org/unicode-properties/-/unicode-properties-1.1.0.tgz",
      "integrity": "sha1-epbu9J91aC6mnSMV7smsQ//fAME="
    },
    "unicode-trie": {
      "version": "0.3.1",
      "resolved": "https://registry.npmjs.org/unicode-trie/-/unicode-trie-0.3.1.tgz",
      "integrity": "sha1-1nHd3YkQGgi6w3tqUWEBBgIFIIU="
    },
    "unpipe": {
      "version": "1.0.0",
      "resolved": "https://registry.npmjs.org/unpipe/-/unpipe-1.0.0.tgz",
      "integrity": "sha1-sr9O6FFKrmFltIF4KdIbLvSZBOw="
    },
    "util-deprecate": {
      "version": "1.0.2",
      "resolved": "https://registry.npmjs.org/util-deprecate/-/util-deprecate-1.0.2.tgz",
      "integrity": "sha1-RQ1Nyfpw3nMnYvvS1KKJgUGaDM8="
    },
    "utils-merge": {
      "version": "1.0.0",
      "resolved": "https://registry.npmjs.org/utils-merge/-/utils-merge-1.0.0.tgz",
      "integrity": "sha1-ApT7kiu5N1FTVBxPcJYjHyh8ivg="
    },
    "vary": {
      "version": "1.1.1",
      "resolved": "https://registry.npmjs.org/vary/-/vary-1.1.1.tgz",
      "integrity": "sha1-Z1Neu2lMHVIldFeYRmUyP1h+jTc="
    },
    "xtend": {
      "version": "4.0.1",
      "resolved": "https://registry.npmjs.org/xtend/-/xtend-4.0.1.tgz",
      "integrity": "sha1-pcbVMr5lbiPbgg77lDofBJmNY68="
    }
  }
}
